
Microsoft Visual Studio Solution File, Format Version 12.00
# Visual Studio Version 16
VisualStudioVersion = 16.0.31702.278
MinimumVisualStudioVersion = 10.0.40219.1
Project("{FAE04EC0-301F-11D3-BF4B-00C04F79EFBC}") = "FinalProject", "FinalProject\FinalProject.csproj", "{9BC173A3-4D8E-4AF0-99C9-71C970EDAD45}"
EndProject
Project("{FAE04EC0-301F-11D3-BF4B-00C04F79EFBC}") = "THI", "THI\THI.csproj", "{F2AEEF38-6223-4602-B11B-B96FCAD24F9A}"
EndProject
Global
	GlobalSection(SolutionConfigurationPlatforms) = preSolution
		Debug|Any CPU = Debug|Any CPU
		Release|Any CPU = Release|Any CPU
	EndGlobalSection
	GlobalSection(ProjectConfigurationPlatforms) = postSolution
		{9BC173A3-4D8E-4AF0-99C9-71C970EDAD45}.Debug|Any CPU.ActiveCfg = Debug|Any CPU
		{9BC173A3-4D8E-4AF0-99C9-71C970EDAD45}.Debug|Any CPU.Build.0 = Debug|Any CPU
		{9BC173A3-4D8E-4AF0-99C9-71C970EDAD45}.Release|Any CPU.ActiveCfg = Release|Any CPU
		{9BC173A3-4D8E-4AF0-99C9-71C970EDAD45}.Release|Any CPU.Build.0 = Release|Any CPU
		{F2AEEF38-6223-4602-B11B-B96FCAD24F9A}.Debug|Any CPU.ActiveCfg = Debug|Any CPU
		{F2AEEF38-6223-4602-B11B-B96FCAD24F9A}.Debug|Any CPU.Build.0 = Debug|Any CPU
		{F2AEEF38-6223-4602-B11B-B96FCAD24F9A}.Release|Any CPU.ActiveCfg = Release|Any CPU
		{F2AEEF38-6223-4602-B11B-B96FCAD24F9A}.Release|Any CPU.Build.0 = Release|Any CPU
	EndGlobalSection
	GlobalSection(SolutionProperties) = preSolution
		HideSolutionNode = FALSE
	EndGlobalSection
	GlobalSection(ExtensibilityGlobals) = postSolution
		SolutionGuid = {2DC9BAB2-351D-49B8-BB97-301AAE8F9A46}
	EndGlobalSection
EndGlobal
